{
  "name": "practiceDaily-applet",
  "lockfileVersion": 3,
  "requires": true,
  "packages": {
    "": {
      "dependencies": {
        "@vant/weapp": "^1.10.22"
      }
    },
    "node_modules/@vant/weapp": {
      "version": "1.10.22",
      "resolved": "https://registry.npmjs.org/@vant/weapp/-/weapp-1.10.22.tgz",
      "integrity": "sha512-OJYwwUqcBG9UxQEQOHz9Vpvb0PNhYaXUXBPMDJ0WPZCuB2aQqwUjcNifaB8q7LRLYq5OOzInQoG1X4+NESrVzw=="
    }
  }
}
